
Microsoft Visual Studio Solution File, Format Version 12.00
# Visual Studio 15
VisualStudioVersion = 15.0.28307.271
MinimumVisualStudioVersion = 10.0.40219.1
Project("{8BC9CEB8-8B4A-11D0-8D11-00A0C91BC942}") = "2019CG_Lab3_105502519", "2019CG_Lab3_105502519\2019CG_Lab3_105502519.vcxproj", "{924CD0E2-80C2-43FA-9ABA-C65D5221116E}"
EndProject
Global
	GlobalSection(SolutionConfigurationPlatforms) = preSolution
		Debug|x64 = Debug|x64
		Debug|x86 = Debug|x86
		Release|x64 = Release|x64
		Release|x86 = Release|x86
	EndGlobalSection
	GlobalSection(ProjectConfigurationPlatforms) = postSolution
		{924CD0E2-80C2-43FA-9ABA-C65D5221116E}.Debug|x64.ActiveCfg = Debug|x64
		{924CD0E2-80C2-43FA-9ABA-C65D5221116E}.Debug|x64.Build.0 = Debug|x64
		{924CD0E2-80C2-43FA-9ABA-C65D5221116E}.Debug|x86.ActiveCfg = Debug|Win32
		{924CD0E2-80C2-43FA-9ABA-C65D5221116E}.Debug|x86.Build.0 = Debug|Win32
		{924CD0E2-80C2-43FA-9ABA-C65D5221116E}.Release|x64.ActiveCfg = Release|x64
		{924CD0E2-80C2-43FA-9ABA-C65D5221116E}.Release|x64.Build.0 = Release|x64
		{924CD0E2-80C2-43FA-9ABA-C65D5221116E}.Release|x86.ActiveCfg = Release|Win32
		{924CD0E2-80C2-43FA-9ABA-C65D5221116E}.Release|x86.Build.0 = Release|Win32
	EndGlobalSection
	GlobalSection(SolutionProperties) = preSolution
		HideSolutionNode = FALSE
	EndGlobalSection
	GlobalSection(ExtensibilityGlobals) = postSolution
		SolutionGuid = {6AC857AE-3B45-474A-BF24-811D69C211CE}
	EndGlobalSection
EndGlobal
